
Microsoft Visual Studio Solution File, Format Version 12.00
# Visual Studio Version 17
VisualStudioVersion = 17.1.32210.238
MinimumVisualStudioVersion = 10.0.40219.1
Project("{9A19103F-16F7-4668-BE54-9A1E7A4F7556}") = "003_test15_01", "003_test15\003_test15_01.csproj", "{CDE42ED0-0C59-417D-AD9F-3ABD3FE022A2}"
EndProject
Project("{9A19103F-16F7-4668-BE54-9A1E7A4F7556}") = "003_test15_02", "003_test15_2\003_test15_02.csproj", "{40C8E98D-5B9F-476F-920F-3128A0736CF9}"
EndProject
Project("{9A19103F-16F7-4668-BE54-9A1E7A4F7556}") = "003_test15_03", "003_test15_3\003_test15_03.csproj", "{42D31C96-1334-4F3C-B68E-BAC32223AC14}"
EndProject
Project("{9A19103F-16F7-4668-BE54-9A1E7A4F7556}") = "003_test15_04", "003_test15_4\003_test15_04.csproj", "{F0B1967C-53A3-4530-8A13-251AE9FA5CB0}"
EndProject
Project("{9A19103F-16F7-4668-BE54-9A1E7A4F7556}") = "003_test15_05", "003_test15_5\003_test15_05.csproj", "{2C720F3B-535D-4A79-9FF7-FB8517F51110}"
EndProject
Project("{9A19103F-16F7-4668-BE54-9A1E7A4F7556}") = "003_test15_06", "003_test15_6\003_test15_06.csproj", "{9F79DB79-8EC4-4F7A-AFC0-9E10A354B5A1}"
EndProject
Project("{9A19103F-16F7-4668-BE54-9A1E7A4F7556}") = "003_test15_07", "003_test15_7\003_test15_07.csproj", "{2111C4BF-BC52-45F4-8CAB-EE96BBE4D74B}"
EndProject
Project("{9A19103F-16F7-4668-BE54-9A1E7A4F7556}") = "003_test15_08", "003_test15_8\003_test15_08.csproj", "{D86105CF-1258-4C63-9D00-715D5E7352FF}"
EndProject
Project("{9A19103F-16F7-4668-BE54-9A1E7A4F7556}") = "003_test15_09", "003_test15_9\003_test15_09.csproj", "{35482F18-1E43-49E7-BF3E-3C60D013A4A0}"
EndProject
Project("{9A19103F-16F7-4668-BE54-9A1E7A4F7556}") = "003_test15_10", "003_test15_10\003_test15_10.csproj", "{8F7C9977-C9A9-4CE5-AD4B-80BD00F85F88}"
EndProject
Project("{9A19103F-16F7-4668-BE54-9A1E7A4F7556}") = "003_test15_11", "003_test15_11\003_test15_11.csproj", "{06A2D971-4636-4F94-AA9C-BE25E230202C}"
EndProject
Project("{9A19103F-16F7-4668-BE54-9A1E7A4F7556}") = "003_test15_12", "003_test15_12\003_test15_12.csproj", "{E831B641-275D-435D-B47F-06F4CFC285FE}"
EndProject
Project("{9A19103F-16F7-4668-BE54-9A1E7A4F7556}") = "003_test15_13", "003_test15_13\003_test15_13.csproj", "{F52FDAF5-6D71-4C34-93FA-82B9367F56B1}"
EndProject
Project("{9A19103F-16F7-4668-BE54-9A1E7A4F7556}") = "003_test15_14", "003_test15_14\003_test15_14.csproj", "{F3786464-85D7-4651-949F-E3DA05AB818B}"
EndProject
Project("{9A19103F-16F7-4668-BE54-9A1E7A4F7556}") = "003_test15_15", "003_test15_15\003_test15_15.csproj", "{5E2E7D5E-64C6-4EA1-9F6C-9500408C75D5}"
EndProject
Project("{9A19103F-16F7-4668-BE54-9A1E7A4F7556}") = "004_cpp_01", "004_cpp_01\004_cpp_01.csproj", "{143AE2AF-B41E-40BD-AADD-D3AF7520ADC1}"
EndProject
Project("{9A19103F-16F7-4668-BE54-9A1E7A4F7556}") = "004_cpp_02", "004_cpp_02\004_cpp_02.csproj", "{86DE1EF3-425E-4D2F-B8FB-2252EC4B551E}"
EndProject
Project("{9A19103F-16F7-4668-BE54-9A1E7A4F7556}") = "004_cpp_03", "004_cpp_03\004_cpp_03.csproj", "{B60DDF5E-F3AA-4BB0-B1D3-988869FEE7F2}"
EndProject
Project("{9A19103F-16F7-4668-BE54-9A1E7A4F7556}") = "004_cpp_04", "004_cpp_04\004_cpp_04.csproj", "{C9A06187-1B53-4076-A18C-91A6D1A665D5}"
EndProject
Project("{9A19103F-16F7-4668-BE54-9A1E7A4F7556}") = "004_cpp_05", "004_cpp_05\004_cpp_05.csproj", "{3D816A79-632B-47E1-B9DC-B8D40F5A76A2}"
EndProject
Project("{FAE04EC0-301F-11D3-BF4B-00C04F79EFBC}") = "004_cpp_06", "004_cpp_06\004_cpp_06.csproj", "{90397E9E-844F-4433-A8D8-CDDCF52F2C2E}"
EndProject
Project("{FAE04EC0-301F-11D3-BF4B-00C04F79EFBC}") = "004_cpp_07", "004_cpp_07\004_cpp_07.csproj", "{E7B190EA-CED1-48AE-AD77-F177E42BDD37}"
EndProject
Project("{FAE04EC0-301F-11D3-BF4B-00C04F79EFBC}") = "005_cpp_01", "005_cppwindowf_01\005_cpp_01.csproj", "{C402ECB8-E815-4E9A-96D9-072B0595D2B8}"
EndProject
Project("{FAE04EC0-301F-11D3-BF4B-00C04F79EFBC}") = "005_cpp_02", "005_cpp_02\005_cpp_02.csproj", "{5A6D25C9-A074-4DF2-9653-A1ED20721E3C}"
EndProject
Project("{FAE04EC0-301F-11D3-BF4B-00C04F79EFBC}") = "005_cpp_03", "005_cpp_03\005_cpp_03.csproj", "{AD88E943-1E18-4A40-A20F-635C3420FCE8}"
EndProject
Project("{FAE04EC0-301F-11D3-BF4B-00C04F79EFBC}") = "005_cpp_04", "005_cpp_04\005_cpp_04.csproj", "{336BC073-C8CD-4FB4-AC07-9FD56A1E3466}"
EndProject
Project("{FAE04EC0-301F-11D3-BF4B-00C04F79EFBC}") = "005_cpp_05", "WindowsFormsApp1\005_cpp_05.csproj", "{482C3ABF-ABD4-46AF-8BAB-A363B0212D7C}"
EndProject
Project("{FAE04EC0-301F-11D3-BF4B-00C04F79EFBC}") = "006_cpp_01", "006_cpp_01\006_cpp_01.csproj", "{6E0C42A4-FD41-4911-BEEB-F5DFD06DC7ED}"
EndProject
Project("{FAE04EC0-301F-11D3-BF4B-00C04F79EFBC}") = "006_cpp_02", "006_cpp_02\006_cpp_02.csproj", "{15D4F4E4-A8B0-4C45-A0CF-7340320E11BB}"
EndProject
Project("{FAE04EC0-301F-11D3-BF4B-00C04F79EFBC}") = "006_cpp_03", "006_cpp_03\006_cpp_03.csproj", "{B4663333-D9D5-43BE-BFAF-9E4380544525}"
EndProject
Project("{FAE04EC0-301F-11D3-BF4B-00C04F79EFBC}") = "006_cpp_04", "006_cpp_04\006_cpp_04.csproj", "{00FF1500-2C73-467C-8687-119CEC864E1C}"
EndProject
Project("{FAE04EC0-301F-11D3-BF4B-00C04F79EFBC}") = "006_cpp_05", "006_cpp_05\006_cpp_05.csproj", "{98919DFD-6D5F-4BBA-8B89-94703ADC8C51}"
EndProject
Project("{FAE04EC0-301F-11D3-BF4B-00C04F79EFBC}") = "006_cpp_06", "006_cpp_06\006_cpp_06.csproj", "{E5C400CD-C8AE-40F0-8D1F-DB980110DA25}"
EndProject
Project("{9A19103F-16F7-4668-BE54-9A1E7A4F7556}") = "007_wpf_01", "007_wpf_01\007_wpf_01.csproj", "{3DF8A869-2A55-49B0-83E4-E4D103D7829E}"
EndProject
Project("{9A19103F-16F7-4668-BE54-9A1E7A4F7556}") = "007_wpf_02", "007_wpf_02\007_wpf_02.csproj", "{7D219196-1689-4A7B-A1BF-25AF6E697D7E}"
EndProject
Project("{9A19103F-16F7-4668-BE54-9A1E7A4F7556}") = "007_wpf_03", "007_wpf_03\007_wpf_03.csproj", "{2F679BDF-E4E2-4AA2-A944-7726AA01EC31}"
EndProject
Project("{FAE04EC0-301F-11D3-BF4B-00C04F79EFBC}") = "007_wpf_04", "007_wpf_04\007_wpf_04.csproj", "{CD3B2AC2-4692-4D90-A40C-DEAD918C0F67}"
EndProject
Project("{FAE04EC0-301F-11D3-BF4B-00C04F79EFBC}") = "007_wpf_05", "007_wpf_05\007_wpf_05.csproj", "{7FDB0E49-32CB-429E-8A9C-26EEDAC72DE4}"
EndProject
Global
	GlobalSection(SolutionConfigurationPlatforms) = preSolution
		Debug|Any CPU = Debug|Any CPU
		Release|Any CPU = Release|Any CPU
	EndGlobalSection
	GlobalSection(ProjectConfigurationPlatforms) = postSolution
		{CDE42ED0-0C59-417D-AD9F-3ABD3FE022A2}.Debug|Any CPU.ActiveCfg = Debug|Any CPU
		{CDE42ED0-0C59-417D-AD9F-3ABD3FE022A2}.Debug|Any CPU.Build.0 = Debug|Any CPU
		{CDE42ED0-0C59-417D-AD9F-3ABD3FE022A2}.Release|Any CPU.ActiveCfg = Release|Any CPU
		{CDE42ED0-0C59-417D-AD9F-3ABD3FE022A2}.Release|Any CPU.Build.0 = Release|Any CPU
		{40C8E98D-5B9F-476F-920F-3128A0736CF9}.Debug|Any CPU.ActiveCfg = Debug|Any CPU
		{40C8E98D-5B9F-476F-920F-3128A0736CF9}.Debug|Any CPU.Build.0 = Debug|Any CPU
		{40C8E98D-5B9F-476F-920F-3128A0736CF9}.Release|Any CPU.ActiveCfg = Release|Any CPU
		{40C8E98D-5B9F-476F-920F-3128A0736CF9}.Release|Any CPU.Build.0 = Release|Any CPU
		{42D31C96-1334-4F3C-B68E-BAC32223AC14}.Debug|Any CPU.ActiveCfg = Debug|Any CPU
		{42D31C96-1334-4F3C-B68E-BAC32223AC14}.Debug|Any CPU.Build.0 = Debug|Any CPU
		{42D31C96-1334-4F3C-B68E-BAC32223AC14}.Release|Any CPU.ActiveCfg = Release|Any CPU
		{42D31C96-1334-4F3C-B68E-BAC32223AC14}.Release|Any CPU.Build.0 = Release|Any CPU
		{F0B1967C-53A3-4530-8A13-251AE9FA5CB0}.Debug|Any CPU.ActiveCfg = Debug|Any CPU
		{F0B1967C-53A3-4530-8A13-251AE9FA5CB0}.Debug|Any CPU.Build.0 = Debug|Any CPU
		{F0B1967C-53A3-4530-8A13-251AE9FA5CB0}.Release|Any CPU.ActiveCfg = Release|Any CPU
		{F0B1967C-53A3-4530-8A13-251AE9FA5CB0}.Release|Any CPU.Build.0 = Release|Any CPU
		{2C720F3B-535D-4A79-9FF7-FB8517F51110}.Debug|Any CPU.ActiveCfg = Debug|Any CPU
		{2C720F3B-535D-4A79-9FF7-FB8517F51110}.Debug|Any CPU.Build.0 = Debug|Any CPU
		{2C720F3B-535D-4A79-9FF7-FB8517F51110}.Release|Any CPU.ActiveCfg = Release|Any CPU
		{2C720F3B-535D-4A79-9FF7-FB8517F51110}.Release|Any CPU.Build.0 = Release|Any CPU
		{9F79DB79-8EC4-4F7A-AFC0-9E10A354B5A1}.Debug|Any CPU.ActiveCfg = Debug|Any CPU
		{9F79DB79-8EC4-4F7A-AFC0-9E10A354B5A1}.Debug|Any CPU.Build.0 = Debug|Any CPU
		{9F79DB79-8EC4-4F7A-AFC0-9E10A354B5A1}.Release|Any CPU.ActiveCfg = Release|Any CPU
		{9F79DB79-8EC4-4F7A-AFC0-9E10A354B5A1}.Release|Any CPU.Build.0 = Release|Any CPU
		{2111C4BF-BC52-45F4-8CAB-EE96BBE4D74B}.Debug|Any CPU.ActiveCfg = Debug|Any CPU
		{2111C4BF-BC52-45F4-8CAB-EE96BBE4D74B}.Debug|Any CPU.Build.0 = Debug|Any CPU
		{2111C4BF-BC52-45F4-8CAB-EE96BBE4D74B}.Release|Any CPU.ActiveCfg = Release|Any CPU
		{2111C4BF-BC52-45F4-8CAB-EE96BBE4D74B}.Release|Any CPU.Build.0 = Release|Any CPU
		{D86105CF-1258-4C63-9D00-715D5E7352FF}.Debug|Any CPU.ActiveCfg = Debug|Any CPU
		{D86105CF-1258-4C63-9D00-715D5E7352FF}.Debug|Any CPU.Build.0 = Debug|Any CPU
		{D86105CF-1258-4C63-9D00-715D5E7352FF}.Release|Any CPU.ActiveCfg = Release|Any CPU
		{D86105CF-1258-4C63-9D00-715D5E7352FF}.Release|Any CPU.Build.0 = Release|Any CPU
		{35482F18-1E43-49E7-BF3E-3C60D013A4A0}.Debug|Any CPU.ActiveCfg = Debug|Any CPU
		{35482F18-1E43-49E7-BF3E-3C60D013A4A0}.Debug|Any CPU.Build.0 = Debug|Any CPU
		{35482F18-1E43-49E7-BF3E-3C60D013A4A0}.Release|Any CPU.ActiveCfg = Release|Any CPU
		{35482F18-1E43-49E7-BF3E-3C60D013A4A0}.Release|Any CPU.Build.0 = Release|Any CPU
		{8F7C9977-C9A9-4CE5-AD4B-80BD00F85F88}.Debug|Any CPU.ActiveCfg = Debug|Any CPU
		{8F7C9977-C9A9-4CE5-AD4B-80BD00F85F88}.Debug|Any CPU.Build.0 = Debug|Any CPU
		{8F7C9977-C9A9-4CE5-AD4B-80BD00F85F88}.Release|Any CPU.ActiveCfg = Release|Any CPU
		{8F7C9977-C9A9-4CE5-AD4B-80BD00F85F88}.Release|Any CPU.Build.0 = Release|Any CPU
		{06A2D971-4636-4F94-AA9C-BE25E230202C}.Debug|Any CPU.ActiveCfg = Debug|Any CPU
		{06A2D971-4636-4F94-AA9C-BE25E230202C}.Debug|Any CPU.Build.0 = Debug|Any CPU
		{06A2D971-4636-4F94-AA9C-BE25E230202C}.Release|Any CPU.ActiveCfg = Release|Any CPU
		{06A2D971-4636-4F94-AA9C-BE25E230202C}.Release|Any CPU.Build.0 = Release|Any CPU
		{E831B641-275D-435D-B47F-06F4CFC285FE}.Debug|Any CPU.ActiveCfg = Debug|Any CPU
		{E831B641-275D-435D-B47F-06F4CFC285FE}.Debug|Any CPU.Build.0 = Debug|Any CPU
		{E831B641-275D-435D-B47F-06F4CFC285FE}.Release|Any CPU.ActiveCfg = Release|Any CPU
		{E831B641-275D-435D-B47F-06F4CFC285FE}.Release|Any CPU.Build.0 = Release|Any CPU
		{F52FDAF5-6D71-4C34-93FA-82B9367F56B1}.Debug|Any CPU.ActiveCfg = Debug|Any CPU
		{F52FDAF5-6D71-4C34-93FA-82B9367F56B1}.Debug|Any CPU.Build.0 = Debug|Any CPU
		{F52FDAF5-6D71-4C34-93FA-82B9367F56B1}.Release|Any CPU.ActiveCfg = Release|Any CPU
		{F52FDAF5-6D71-4C34-93FA-82B9367F56B1}.Release|Any CPU.Build.0 = Release|Any CPU
		{F3786464-85D7-4651-949F-E3DA05AB818B}.Debug|Any CPU.ActiveCfg = Debug|Any CPU
		{F3786464-85D7-4651-949F-E3DA05AB818B}.Debug|Any CPU.Build.0 = Debug|Any CPU
		{F3786464-85D7-4651-949F-E3DA05AB818B}.Release|Any CPU.ActiveCfg = Release|Any CPU
		{F3786464-85D7-4651-949F-E3DA05AB818B}.Release|Any CPU.Build.0 = Release|Any CPU
		{5E2E7D5E-64C6-4EA1-9F6C-9500408C75D5}.Debug|Any CPU.ActiveCfg = Debug|Any CPU
		{5E2E7D5E-64C6-4EA1-9F6C-9500408C75D5}.Debug|Any CPU.Build.0 = Debug|Any CPU
		{5E2E7D5E-64C6-4EA1-9F6C-9500408C75D5}.Release|Any CPU.ActiveCfg = Release|Any CPU
		{5E2E7D5E-64C6-4EA1-9F6C-9500408C75D5}.Release|Any CPU.Build.0 = Release|Any CPU
		{143AE2AF-B41E-40BD-AADD-D3AF7520ADC1}.Debug|Any CPU.ActiveCfg = Debug|Any CPU
		{143AE2AF-B41E-40BD-AADD-D3AF7520ADC1}.Debug|Any CPU.Build.0 = Debug|Any CPU
		{143AE2AF-B41E-40BD-AADD-D3AF7520ADC1}.Release|Any CPU.ActiveCfg = Release|Any CPU
		{143AE2AF-B41E-40BD-AADD-D3AF7520ADC1}.Release|Any CPU.Build.0 = Release|Any CPU
		{86DE1EF3-425E-4D2F-B8FB-2252EC4B551E}.Debug|Any CPU.ActiveCfg = Debug|Any CPU
		{86DE1EF3-425E-4D2F-B8FB-2252EC4B551E}.Debug|Any CPU.Build.0 = Debug|Any CPU
		{86DE1EF3-425E-4D2F-B8FB-2252EC4B551E}.Release|Any CPU.ActiveCfg = Release|Any CPU
		{86DE1EF3-425E-4D2F-B8FB-2252EC4B551E}.Release|Any CPU.Build.0 = Release|Any CPU
		{B60DDF5E-F3AA-4BB0-B1D3-988869FEE7F2}.Debug|Any CPU.ActiveCfg = Debug|Any CPU
		{B60DDF5E-F3AA-4BB0-B1D3-988869FEE7F2}.Debug|Any CPU.Build.0 = Debug|Any CPU
		{B60DDF5E-F3AA-4BB0-B1D3-988869FEE7F2}.Release|Any CPU.ActiveCfg = Release|Any CPU
		{B60DDF5E-F3AA-4BB0-B1D3-988869FEE7F2}.Release|Any CPU.Build.0 = Release|Any CPU
		{C9A06187-1B53-4076-A18C-91A6D1A665D5}.Debug|Any CPU.ActiveCfg = Debug|Any CPU
		{C9A06187-1B53-4076-A18C-91A6D1A665D5}.Debug|Any CPU.Build.0 = Debug|Any CPU
		{C9A06187-1B53-4076-A18C-91A6D1A665D5}.Release|Any CPU.ActiveCfg = Release|Any CPU
		{C9A06187-1B53-4076-A18C-91A6D1A665D5}.Release|Any CPU.Build.0 = Release|Any CPU
		{3D816A79-632B-47E1-B9DC-B8D40F5A76A2}.Debug|Any CPU.ActiveCfg = Debug|Any CPU
		{3D816A79-632B-47E1-B9DC-B8D40F5A76A2}.Debug|Any CPU.Build.0 = Debug|Any CPU
		{3D816A79-632B-47E1-B9DC-B8D40F5A76A2}.Release|Any CPU.ActiveCfg = Release|Any CPU
		{3D816A79-632B-47E1-B9DC-B8D40F5A76A2}.Release|Any CPU.Build.0 = Release|Any CPU
		{90397E9E-844F-4433-A8D8-CDDCF52F2C2E}.Debug|Any CPU.ActiveCfg = Debug|Any CPU
		{90397E9E-844F-4433-A8D8-CDDCF52F2C2E}.Debug|Any CPU.Build.0 = Debug|Any CPU
		{90397E9E-844F-4433-A8D8-CDDCF52F2C2E}.Release|Any CPU.ActiveCfg = Release|Any CPU
		{90397E9E-844F-4433-A8D8-CDDCF52F2C2E}.Release|Any CPU.Build.0 = Release|Any CPU
		{E7B190EA-CED1-48AE-AD77-F177E42BDD37}.Debug|Any CPU.ActiveCfg = Debug|Any CPU
		{E7B190EA-CED1-48AE-AD77-F177E42BDD37}.Debug|Any CPU.Build.0 = Debug|Any CPU
		{E7B190EA-CED1-48AE-AD77-F177E42BDD37}.Release|Any CPU.ActiveCfg = Release|Any CPU
		{E7B190EA-CED1-48AE-AD77-F177E42BDD37}.Release|Any CPU.Build.0 = Release|Any CPU
		{C402ECB8-E815-4E9A-96D9-072B0595D2B8}.Debug|Any CPU.ActiveCfg = Debug|Any CPU
		{C402ECB8-E815-4E9A-96D9-072B0595D2B8}.Debug|Any CPU.Build.0 = Debug|Any CPU
		{C402ECB8-E815-4E9A-96D9-072B0595D2B8}.Release|Any CPU.ActiveCfg = Release|Any CPU
		{C402ECB8-E815-4E9A-96D9-072B0595D2B8}.Release|Any CPU.Build.0 = Release|Any CPU
		{5A6D25C9-A074-4DF2-9653-A1ED20721E3C}.Debug|Any CPU.ActiveCfg = Debug|Any CPU
		{5A6D25C9-A074-4DF2-9653-A1ED20721E3C}.Debug|Any CPU.Build.0 = Debug|Any CPU
		{5A6D25C9-A074-4DF2-9653-A1ED20721E3C}.Release|Any CPU.ActiveCfg = Release|Any CPU
		{5A6D25C9-A074-4DF2-9653-A1ED20721E3C}.Release|Any CPU.Build.0 = Release|Any CPU
		{AD88E943-1E18-4A40-A20F-635C3420FCE8}.Debug|Any CPU.ActiveCfg = Debug|Any CPU
		{AD88E943-1E18-4A40-A20F-635C3420FCE8}.Debug|Any CPU.Build.0 = Debug|Any CPU
		{AD88E943-1E18-4A40-A20F-635C3420FCE8}.Release|Any CPU.ActiveCfg = Release|Any CPU
		{AD88E943-1E18-4A40-A20F-635C3420FCE8}.Release|Any CPU.Build.0 = Release|Any CPU
		{336BC073-C8CD-4FB4-AC07-9FD56A1E3466}.Debug|Any CPU.ActiveCfg = Debug|Any CPU
		{336BC073-C8CD-4FB4-AC07-9FD56A1E3466}.Debug|Any CPU.Build.0 = Debug|Any CPU
		{336BC073-C8CD-4FB4-AC07-9FD56A1E3466}.Release|Any CPU.ActiveCfg = Release|Any CPU
		{336BC073-C8CD-4FB4-AC07-9FD56A1E3466}.Release|Any CPU.Build.0 = Release|Any CPU
		{482C3ABF-ABD4-46AF-8BAB-A363B0212D7C}.Debug|Any CPU.ActiveCfg = Debug|Any CPU
		{482C3ABF-ABD4-46AF-8BAB-A363B0212D7C}.Debug|Any CPU.Build.0 = Debug|Any CPU
		{482C3ABF-ABD4-46AF-8BAB-A363B0212D7C}.Release|Any CPU.ActiveCfg = Release|Any CPU
		{482C3ABF-ABD4-46AF-8BAB-A363B0212D7C}.Release|Any CPU.Build.0 = Release|Any CPU
		{6E0C42A4-FD41-4911-BEEB-F5DFD06DC7ED}.Debug|Any CPU.ActiveCfg = Debug|Any CPU
		{6E0C42A4-FD41-4911-BEEB-F5DFD06DC7ED}.Debug|Any CPU.Build.0 = Debug|Any CPU
		{6E0C42A4-FD41-4911-BEEB-F5DFD06DC7ED}.Release|Any CPU.ActiveCfg = Release|Any CPU
		{6E0C42A4-FD41-4911-BEEB-F5DFD06DC7ED}.Release|Any CPU.Build.0 = Release|Any CPU
		{15D4F4E4-A8B0-4C45-A0CF-7340320E11BB}.Debug|Any CPU.ActiveCfg = Debug|Any CPU
		{15D4F4E4-A8B0-4C45-A0CF-7340320E11BB}.Debug|Any CPU.Build.0 = Debug|Any CPU
		{15D4F4E4-A8B0-4C45-A0CF-7340320E11BB}.Release|Any CPU.ActiveCfg = Release|Any CPU
		{15D4F4E4-A8B0-4C45-A0CF-7340320E11BB}.Release|Any CPU.Build.0 = Release|Any CPU
		{B4663333-D9D5-43BE-BFAF-9E4380544525}.Debug|Any CPU.ActiveCfg = Debug|Any CPU
		{B4663333-D9D5-43BE-BFAF-9E4380544525}.Debug|Any CPU.Build.0 = Debug|Any CPU
		{B4663333-D9D5-43BE-BFAF-9E4380544525}.Release|Any CPU.ActiveCfg = Release|Any CPU
		{B4663333-D9D5-43BE-BFAF-9E4380544525}.Release|Any CPU.Build.0 = Release|Any CPU
		{00FF1500-2C73-467C-8687-119CEC864E1C}.Debug|Any CPU.ActiveCfg = Debug|Any CPU
		{00FF1500-2C73-467C-8687-119CEC864E1C}.Debug|Any CPU.Build.0 = Debug|Any CPU
		{00FF1500-2C73-467C-8687-119CEC864E1C}.Release|Any CPU.ActiveCfg = Release|Any CPU
		{00FF1500-2C73-467C-8687-119CEC864E1C}.Release|Any CPU.Build.0 = Release|Any CPU
		{98919DFD-6D5F-4BBA-8B89-94703ADC8C51}.Debug|Any CPU.ActiveCfg = Debug|Any CPU
		{98919DFD-6D5F-4BBA-8B89-94703ADC8C51}.Debug|Any CPU.Build.0 = Debug|Any CPU
		{98919DFD-6D5F-4BBA-8B89-94703ADC8C51}.Release|Any CPU.ActiveCfg = Release|Any CPU
		{98919DFD-6D5F-4BBA-8B89-94703ADC8C51}.Release|Any CPU.Build.0 = Release|Any CPU
		{E5C400CD-C8AE-40F0-8D1F-DB980110DA25}.Debug|Any CPU.ActiveCfg = Debug|Any CPU
		{E5C400CD-C8AE-40F0-8D1F-DB980110DA25}.Debug|Any CPU.Build.0 = Debug|Any CPU
		{E5C400CD-C8AE-40F0-8D1F-DB980110DA25}.Release|Any CPU.ActiveCfg = Release|Any CPU
		{E5C400CD-C8AE-40F0-8D1F-DB980110DA25}.Release|Any CPU.Build.0 = Release|Any CPU
		{3DF8A869-2A55-49B0-83E4-E4D103D7829E}.Debug|Any CPU.ActiveCfg = Debug|Any CPU
		{3DF8A869-2A55-49B0-83E4-E4D103D7829E}.Debug|Any CPU.Build.0 = Debug|Any CPU
		{3DF8A869-2A55-49B0-83E4-E4D103D7829E}.Release|Any CPU.ActiveCfg = Release|Any CPU
		{3DF8A869-2A55-49B0-83E4-E4D103D7829E}.Release|Any CPU.Build.0 = Release|Any CPU
		{7D219196-1689-4A7B-A1BF-25AF6E697D7E}.Debug|Any CPU.ActiveCfg = Debug|Any CPU
		{7D219196-1689-4A7B-A1BF-25AF6E697D7E}.Debug|Any CPU.Build.0 = Debug|Any CPU
		{7D219196-1689-4A7B-A1BF-25AF6E697D7E}.Release|Any CPU.ActiveCfg = Release|Any CPU
		{7D219196-1689-4A7B-A1BF-25AF6E697D7E}.Release|Any CPU.Build.0 = Release|Any CPU
		{2F679BDF-E4E2-4AA2-A944-7726AA01EC31}.Debug|Any CPU.ActiveCfg = Debug|Any CPU
		{2F679BDF-E4E2-4AA2-A944-7726AA01EC31}.Debug|Any CPU.Build.0 = Debug|Any CPU
		{2F679BDF-E4E2-4AA2-A944-7726AA01EC31}.Release|Any CPU.ActiveCfg = Release|Any CPU
		{2F679BDF-E4E2-4AA2-A944-7726AA01EC31}.Release|Any CPU.Build.0 = Release|Any CPU
		{CD3B2AC2-4692-4D90-A40C-DEAD918C0F67}.Debug|Any CPU.ActiveCfg = Debug|Any CPU
		{CD3B2AC2-4692-4D90-A40C-DEAD918C0F67}.Debug|Any CPU.Build.0 = Debug|Any CPU
		{CD3B2AC2-4692-4D90-A40C-DEAD918C0F67}.Release|Any CPU.ActiveCfg = Release|Any CPU
		{CD3B2AC2-4692-4D90-A40C-DEAD918C0F67}.Release|Any CPU.Build.0 = Release|Any CPU
		{7FDB0E49-32CB-429E-8A9C-26EEDAC72DE4}.Debug|Any CPU.ActiveCfg = Debug|Any CPU
		{7FDB0E49-32CB-429E-8A9C-26EEDAC72DE4}.Debug|Any CPU.Build.0 = Debug|Any CPU
		{7FDB0E49-32CB-429E-8A9C-26EEDAC72DE4}.Release|Any CPU.ActiveCfg = Release|Any CPU
		{7FDB0E49-32CB-429E-8A9C-26EEDAC72DE4}.Release|Any CPU.Build.0 = Release|Any CPU
	EndGlobalSection
	GlobalSection(SolutionProperties) = preSolution
		HideSolutionNode = FALSE
	EndGlobalSection
	GlobalSection(ExtensibilityGlobals) = postSolution
		SolutionGuid = {2AAA78AB-EDE0-4A2D-99D2-145D863C1E3E}
	EndGlobalSection
EndGlobal
